
Microsoft Visual Studio Solution File, Format Version 12.00
# Visual Studio 15
VisualStudioVersion = 15.0.27130.2024
MinimumVisualStudioVersion = 10.0.40219.1
Project("{FAE04EC0-301F-11D3-BF4B-00C04F79EFBC}") = "ConsoleApp125", "ConsoleApp125\ConsoleApp125.csproj", "{6411232C-7F2E-4AF7-988A-77DB1ABD4096}"
EndProject
Project("{FAE04EC0-301F-11D3-BF4B-00C04F79EFBC}") = "ConsoleApp125Tests", "ConsoleApp125Tests\ConsoleApp125Tests.csproj", "{1867040B-A75D-47D9-AE8B-46BD2326D604}"
EndProject
Global
	GlobalSection(SolutionConfigurationPlatforms) = preSolution
		Debug|Any CPU = Debug|Any CPU
		Release|Any CPU = Release|Any CPU
	EndGlobalSection
	GlobalSection(ProjectConfigurationPlatforms) = postSolution
		{6411232C-7F2E-4AF7-988A-77DB1ABD4096}.Debug|Any CPU.ActiveCfg = Debug|Any CPU
		{6411232C-7F2E-4AF7-988A-77DB1ABD4096}.Debug|Any CPU.Build.0 = Debug|Any CPU
		{6411232C-7F2E-4AF7-988A-77DB1ABD4096}.Release|Any CPU.ActiveCfg = Release|Any CPU
		{6411232C-7F2E-4AF7-988A-77DB1ABD4096}.Release|Any CPU.Build.0 = Release|Any CPU
		{1867040B-A75D-47D9-AE8B-46BD2326D604}.Debug|Any CPU.ActiveCfg = Debug|Any CPU
		{1867040B-A75D-47D9-AE8B-46BD2326D604}.Debug|Any CPU.Build.0 = Debug|Any CPU
		{1867040B-A75D-47D9-AE8B-46BD2326D604}.Release|Any CPU.ActiveCfg = Release|Any CPU
		{1867040B-A75D-47D9-AE8B-46BD2326D604}.Release|Any CPU.Build.0 = Release|Any CPU
	EndGlobalSection
	GlobalSection(SolutionProperties) = preSolution
		HideSolutionNode = FALSE
	EndGlobalSection
	GlobalSection(ExtensibilityGlobals) = postSolution
		SolutionGuid = {19153441-E7FC-4D91-A3AE-37F69EEFF1EF}
	EndGlobalSection
EndGlobal
